
Microsoft Visual Studio Solution File, Format Version 12.00
# Visual Studio 15
VisualStudioVersion = 15.0.27703.2018
MinimumVisualStudioVersion = 10.0.40219.1
Project("{9A19103F-16F7-4668-BE54-9A1E7A4F7556}") = "Itec.Models", "Itec.Models\Itec.Models.csproj", "{06CE194C-7190-481B-97CC-C0EE7C289203}"
EndProject
Global
	GlobalSection(SolutionConfigurationPlatforms) = preSolution
		Debug|Any CPU = Debug|Any CPU
		Release|Any CPU = Release|Any CPU
	EndGlobalSection
	GlobalSection(ProjectConfigurationPlatforms) = postSolution
		{06CE194C-7190-481B-97CC-C0EE7C289203}.Debug|Any CPU.ActiveCfg = Debug|Any CPU
		{06CE194C-7190-481B-97CC-C0EE7C289203}.Debug|Any CPU.Build.0 = Debug|Any CPU
		{06CE194C-7190-481B-97CC-C0EE7C289203}.Release|Any CPU.ActiveCfg = Release|Any CPU
		{06CE194C-7190-481B-97CC-C0EE7C289203}.Release|Any CPU.Build.0 = Release|Any CPU
	EndGlobalSection
	GlobalSection(SolutionProperties) = preSolution
		HideSolutionNode = FALSE
	EndGlobalSection
	GlobalSection(ExtensibilityGlobals) = postSolution
		SolutionGuid = {9DDD4ECA-8754-468A-941D-457C27393094}
	EndGlobalSection
EndGlobal
